
Microsoft Visual Studio Solution File, Format Version 12.00
# Visual Studio Version 17
VisualStudioVersion = 17.7.34202.233
MinimumVisualStudioVersion = 10.0.40219.1
Project("{FAE04EC0-301F-11D3-BF4B-00C04F79EFBC}") = "NumerosPares", "NumerosPares\NumerosPares.csproj", "{F3FB4F81-BE79-45F3-A2E1-31AB2BEE1581}"
EndProject
Global
	GlobalSection(SolutionConfigurationPlatforms) = preSolution
		Debug|Any CPU = Debug|Any CPU
		Release|Any CPU = Release|Any CPU
	EndGlobalSection
	GlobalSection(ProjectConfigurationPlatforms) = postSolution
		{F3FB4F81-BE79-45F3-A2E1-31AB2BEE1581}.Debug|Any CPU.ActiveCfg = Debug|Any CPU
		{F3FB4F81-BE79-45F3-A2E1-31AB2BEE1581}.Debug|Any CPU.Build.0 = Debug|Any CPU
		{F3FB4F81-BE79-45F3-A2E1-31AB2BEE1581}.Release|Any CPU.ActiveCfg = Release|Any CPU
		{F3FB4F81-BE79-45F3-A2E1-31AB2BEE1581}.Release|Any CPU.Build.0 = Release|Any CPU
	EndGlobalSection
	GlobalSection(SolutionProperties) = preSolution
		HideSolutionNode = FALSE
	EndGlobalSection
	GlobalSection(ExtensibilityGlobals) = postSolution
		SolutionGuid = {11BC42FF-1542-415C-819A-C4D51EC5F4B5}
	EndGlobalSection
EndGlobal
