
Microsoft Visual Studio Solution File, Format Version 12.00
# Visual Studio Version 17
VisualStudioVersion = 17.7.34202.233
MinimumVisualStudioVersion = 10.0.40219.1
Project("{FAE04EC0-301F-11D3-BF4B-00C04F79EFBC}") = "GerarNumeroAleatorio", "GerarNumeroAleatorio\GerarNumeroAleatorio.csproj", "{31B94A99-2FBC-4C78-9755-FFC3B835E26C}"
EndProject
Global
	GlobalSection(SolutionConfigurationPlatforms) = preSolution
		Debug|Any CPU = Debug|Any CPU
		Release|Any CPU = Release|Any CPU
	EndGlobalSection
	GlobalSection(ProjectConfigurationPlatforms) = postSolution
		{31B94A99-2FBC-4C78-9755-FFC3B835E26C}.Debug|Any CPU.ActiveCfg = Debug|Any CPU
		{31B94A99-2FBC-4C78-9755-FFC3B835E26C}.Debug|Any CPU.Build.0 = Debug|Any CPU
		{31B94A99-2FBC-4C78-9755-FFC3B835E26C}.Release|Any CPU.ActiveCfg = Release|Any CPU
		{31B94A99-2FBC-4C78-9755-FFC3B835E26C}.Release|Any CPU.Build.0 = Release|Any CPU
	EndGlobalSection
	GlobalSection(SolutionProperties) = preSolution
		HideSolutionNode = FALSE
	EndGlobalSection
	GlobalSection(ExtensibilityGlobals) = postSolution
		SolutionGuid = {C75B3D4D-E0DF-4B43-BF16-F07E65EE7ED3}
	EndGlobalSection
EndGlobal
